<?xml version="1.0" encoding="utf-8"?>
<Project ToolsVersion="4.0" xmlns="http://schemas.microsoft.com/developer/msbuild/2003">
  <ItemGroup>
    <Filter Include="ソース ファイル">
      <UniqueIdentifier>{4FC737F1-C7A5-4376-A066-2A32D752A2FF}</UniqueIdentifier>
      <Extensions>cpp;c;cc;cxx;def;odl;idl;hpj;bat;asm;asmx</Extensions>
    </Filter>
    <Filter Include="ヘッダー ファイル">
      <UniqueIdentifier>{93995380-89BD-4b04-88EB-625FBE52EBFB}</UniqueIdentifier>
      <Extensions>h;hh;hpp;hxx;hm;inl;inc;xsd</Extensions>
    </Filter>
    <Filter Include="リソース ファイル">
      <UniqueIdentifier>{67DA6AB6-F800-4c08-8B7A-83BB121AAD01}</UniqueIdentifier>
      <Extensions>rc;ico;cur;bmp;dlg;rc2;rct;bin;rgs;gif;jpg;jpeg;jpe;resx;tiff;tif;png;wav;mfcribbon-ms</Extensions>
    </Filter>
    <Filter Include="ヘッダー ファイル\model">
      <UniqueIdentifier>{00481b69-7e02-4055-a2d5-c5f8ef9bcf2a}</UniqueIdentifier>
    </Filter>
    <Filter Include="ソース ファイル\model">
      <UniqueIdentifier>{25353d96-62ef-4f35-b338-38ad4f2fe0cb}</UniqueIdentifier>
    </Filter>
    <Filter Include="ヘッダー ファイル\helper">
      <UniqueIdentifier>{639ef6f9-6a00-480f-99f1-998c89c766df}</UniqueIdentifier>
    </Filter>
    <Filter Include="ソース ファイル\helper">
      <UniqueIdentifier>{e095c793-2757-4af8-b4c8-c4843ea99612}</UniqueIdentifier>
    </Filter>
    <Filter Include="ヘッダー ファイル\helper\distance">
      <UniqueIdentifier>{a84547e4-4f7e-48a3-975b-18947e1bca45}</UniqueIdentifier>
    </Filter>
    <Filter Include="ソース ファイル\external">
      <UniqueIdentifier>{6b479a11-97e6-49b0-b6b3-1e7cc059f799}</UniqueIdentifier>
    </Filter>
    <Filter Include="ヘッダー ファイル\helper\SigUtil">
      <UniqueIdentifier>{648d4b81-c453-48f0-b174-1105d9cc0f85}</UniqueIdentifier>
    </Filter>
    <Filter Include="ヘッダー ファイル\helper\SigNlp">
      <UniqueIdentifier>{bbb4d34c-7dee-4eba-9316-8b21a916cf04}</UniqueIdentifier>
    </Filter>
    <Filter Include="ヘッダー ファイル\helper\external">
      <UniqueIdentifier>{7f486dbb-c17d-4917-962a-cf2fcbbdf0c3}</UniqueIdentifier>
    </Filter>
  </ItemGroup>
  <ItemGroup>
    <ClCompile Include="src\main.cpp">
      <Filter>ソース ファイル</Filter>
    </ClCompile>
    <ClCompile Include="src\LDA\lda.cpp">
      <Filter>ソース ファイル\model</Filter>
    </ClCompile>
    <ClCompile Include="src\helper\input_container.cpp">
      <Filter>ソース ファイル\helper</Filter>
    </ClCompile>
    <ClCompile Include="src\helper\SigNlp\mecab_wrapper.cpp">
      <Filter>ソース ファイル\helper</Filter>
    </ClCompile>
    <ClCompile Include="src\helper\SigNlp\process_word.cpp">
      <Filter>ソース ファイル\helper</Filter>
    </ClCompile>
  </ItemGroup>
  <ItemGroup>
    <ClInclude Include="src\sigdm.hpp">
      <Filter>ヘッダー ファイル</Filter>
    </ClInclude>
    <ClInclude Include="src\LDA\lda.h">
      <Filter>ヘッダー ファイル\model</Filter>
    </ClInclude>
    <ClInclude Include="src\helper\input_container.h">
      <Filter>ヘッダー ファイル\helper</Filter>
    </ClInclude>
    <ClInclude Include="src\helper\distance\cosine_similarity.hpp">
      <Filter>ヘッダー ファイル\helper\distance</Filter>
    </ClInclude>
    <ClInclude Include="src\helper\distance\distance.hpp">
      <Filter>ヘッダー ファイル\helper\distance</Filter>
    </ClInclude>
    <ClInclude Include="src\helper\distance\JS_divergence.hpp">
      <Filter>ヘッダー ファイル\helper\distance</Filter>
    </ClInclude>
    <ClInclude Include="src\helper\distance\KL_divergence.hpp">
      <Filter>ヘッダー ファイル\helper\distance</Filter>
    </ClInclude>
    <ClInclude Include="src\helper\compare_method.hpp">
      <Filter>ヘッダー ファイル\helper</Filter>
    </ClInclude>
    <ClInclude Include="src\helper\SigNlp\signlp.hpp">
      <Filter>ヘッダー ファイル\helper\SigNlp</Filter>
    </ClInclude>
    <ClInclude Include="src\helper\SigNlp\mecab_wrapper.h">
      <Filter>ヘッダー ファイル\helper\SigNlp</Filter>
    </ClInclude>
    <ClInclude Include="src\helper\SigNlp\process_word.h">
      <Filter>ヘッダー ファイル\helper\SigNlp</Filter>
    </ClInclude>
    <ClInclude Include="src\helper\SigUtil\lib\container_traits_plus.hpp">
      <Filter>ヘッダー ファイル\helper\SigUtil</Filter>
    </ClInclude>
    <ClInclude Include="src\helper\SigUtil\lib\eraser.hpp">
      <Filter>ヘッダー ファイル\helper\SigUtil</Filter>
    </ClInclude>
    <ClInclude Include="src\helper\SigUtil\lib\file.hpp">
      <Filter>ヘッダー ファイル\helper\SigUtil</Filter>
    </ClInclude>
    <ClInclude Include="src\helper\SigUtil\lib\functional.hpp">
      <Filter>ヘッダー ファイル\helper\SigUtil</Filter>
    </ClInclude>
    <ClInclude Include="src\helper\SigUtil\lib\sigutil.hpp">
      <Filter>ヘッダー ファイル\helper\SigUtil</Filter>
    </ClInclude>
    <ClInclude Include="src\helper\SigUtil\lib\string.hpp">
      <Filter>ヘッダー ファイル\helper\SigUtil</Filter>
    </ClInclude>
    <ClInclude Include="src\helper\SigUtil\lib\tool.hpp">
      <Filter>ヘッダー ファイル\helper\SigUtil</Filter>
    </ClInclude>
  </ItemGroup>
</Project>