<?xml version="1.0" encoding="utf-8"?>
<Project ToolsVersion="4.0" xmlns="http://schemas.microsoft.com/developer/msbuild/2003">
  <ItemGroup>
    <Filter Include="ソース ファイル">
      <UniqueIdentifier>{4FC737F1-C7A5-4376-A066-2A32D752A2FF}</UniqueIdentifier>
      <Extensions>cpp;c;cc;cxx;def;odl;idl;hpj;bat;asm;asmx</Extensions>
    </Filter>
    <Filter Include="ヘッダー ファイル">
      <UniqueIdentifier>{93995380-89BD-4b04-88EB-625FBE52EBFB}</UniqueIdentifier>
      <Extensions>h;hh;hpp;hxx;hm;inl;inc;xsd</Extensions>
    </Filter>
    <Filter Include="リソース ファイル">
      <UniqueIdentifier>{67DA6AB6-F800-4c08-8B7A-83BB121AAD01}</UniqueIdentifier>
      <Extensions>rc;ico;cur;bmp;dlg;rc2;rct;bin;rgs;gif;jpg;jpeg;jpe;resx;tiff;tif;png;wav;mfcribbon-ms</Extensions>
    </Filter>
    <Filter Include="ヘッダー ファイル\helper">
      <UniqueIdentifier>{639ef6f9-6a00-480f-99f1-998c89c766df}</UniqueIdentifier>
    </Filter>
    <Filter Include="ソース ファイル\helper">
      <UniqueIdentifier>{e095c793-2757-4af8-b4c8-c4843ea99612}</UniqueIdentifier>
    </Filter>
    <Filter Include="ソース ファイル\external">
      <UniqueIdentifier>{6b479a11-97e6-49b0-b6b3-1e7cc059f799}</UniqueIdentifier>
    </Filter>
    <Filter Include="ヘッダー ファイル\helper\external">
      <UniqueIdentifier>{7f486dbb-c17d-4917-962a-cf2fcbbdf0c3}</UniqueIdentifier>
    </Filter>
    <Filter Include="ヘッダー ファイル\lda">
      <UniqueIdentifier>{00481b69-7e02-4055-a2d5-c5f8ef9bcf2a}</UniqueIdentifier>
    </Filter>
    <Filter Include="ソース ファイル\lda">
      <UniqueIdentifier>{25353d96-62ef-4f35-b338-38ad4f2fe0cb}</UniqueIdentifier>
    </Filter>
    <Filter Include="ソース ファイル\helper\signlp">
      <UniqueIdentifier>{ddd2c031-400d-4a1d-9f9f-486b73e6eaf4}</UniqueIdentifier>
    </Filter>
    <Filter Include="ヘッダー ファイル\helper\external\mapreduce">
      <UniqueIdentifier>{139eecd2-fa46-4c8b-a47a-8748b1c94ea9}</UniqueIdentifier>
    </Filter>
    <Filter Include="ヘッダー ファイル\helper\SigNLP">
      <UniqueIdentifier>{bfa402f9-c4e9-44e6-92c7-c8facdb1796c}</UniqueIdentifier>
    </Filter>
  </ItemGroup>
  <ItemGroup>
    <ClCompile Include="main.cpp">
      <Filter>ソース ファイル</Filter>
    </ClCompile>
    <ClCompile Include="lib\helper\input.cpp">
      <Filter>ソース ファイル\helper</Filter>
    </ClCompile>
    <ClCompile Include="lib\helper\input_text.cpp">
      <Filter>ソース ファイル\helper</Filter>
    </ClCompile>
    <ClCompile Include="lib\helper\mapreduce_module.cpp">
      <Filter>ソース ファイル\helper</Filter>
    </ClCompile>
    <ClCompile Include="lib\model\lda_cvb.cpp">
      <Filter>ソース ファイル\lda</Filter>
    </ClCompile>
    <ClCompile Include="lib\model\lda_gibbs.cpp">
      <Filter>ソース ファイル\lda</Filter>
    </ClCompile>
    <ClCompile Include="lib\model\mrlda.cpp">
      <Filter>ソース ファイル\lda</Filter>
    </ClCompile>
    <ClCompile Include="lib\model\twitter_lda.cpp">
      <Filter>ソース ファイル\lda</Filter>
    </ClCompile>
  </ItemGroup>
  <ItemGroup>
    <ClInclude Include="lib\sigtm.hpp">
      <Filter>ヘッダー ファイル</Filter>
    </ClInclude>
    <ClInclude Include="lib\helper\compare_method.hpp">
      <Filter>ヘッダー ファイル\helper</Filter>
    </ClInclude>
    <ClInclude Include="lib\helper\input.h">
      <Filter>ヘッダー ファイル\helper</Filter>
    </ClInclude>
    <ClInclude Include="lib\helper\input_text.h">
      <Filter>ヘッダー ファイル\helper</Filter>
    </ClInclude>
    <ClInclude Include="lib\helper\data_format.hpp">
      <Filter>ヘッダー ファイル\helper</Filter>
    </ClInclude>
    <ClInclude Include="lib\helper\mapreduce_module.h">
      <Filter>ヘッダー ファイル\helper</Filter>
    </ClInclude>
    <ClInclude Include="external\mapreduce\include\detail\datasource.hpp">
      <Filter>ヘッダー ファイル\helper\external\mapreduce</Filter>
    </ClInclude>
    <ClInclude Include="external\mapreduce\include\detail\hash_partitioner.hpp">
      <Filter>ヘッダー ファイル\helper\external\mapreduce</Filter>
    </ClInclude>
    <ClInclude Include="external\mapreduce\include\detail\intermediates.hpp">
      <Filter>ヘッダー ファイル\helper\external\mapreduce</Filter>
    </ClInclude>
    <ClInclude Include="external\mapreduce\include\detail\job.hpp">
      <Filter>ヘッダー ファイル\helper\external\mapreduce</Filter>
    </ClInclude>
    <ClInclude Include="external\mapreduce\include\detail\mergesort.hpp">
      <Filter>ヘッダー ファイル\helper\external\mapreduce</Filter>
    </ClInclude>
    <ClInclude Include="external\mapreduce\include\detail\null_combiner.hpp">
      <Filter>ヘッダー ファイル\helper\external\mapreduce</Filter>
    </ClInclude>
    <ClInclude Include="external\mapreduce\include\detail\platform.hpp">
      <Filter>ヘッダー ファイル\helper\external\mapreduce</Filter>
    </ClInclude>
    <ClInclude Include="external\mapreduce\include\detail\schedule_policy.hpp">
      <Filter>ヘッダー ファイル\helper\external\mapreduce</Filter>
    </ClInclude>
    <ClInclude Include="external\mapreduce\include\detail\schedule_policy\cpu_parallel.hpp">
      <Filter>ヘッダー ファイル\helper\external\mapreduce</Filter>
    </ClInclude>
    <ClInclude Include="external\mapreduce\include\detail\schedule_policy\sequential.hpp">
      <Filter>ヘッダー ファイル\helper\external\mapreduce</Filter>
    </ClInclude>
    <ClInclude Include="external\mapreduce\include\detail\intermediates\in_memory.hpp">
      <Filter>ヘッダー ファイル\helper\external\mapreduce</Filter>
    </ClInclude>
    <ClInclude Include="external\mapreduce\include\detail\intermediates\local_disk.hpp">
      <Filter>ヘッダー ファイル\helper\external\mapreduce</Filter>
    </ClInclude>
    <ClInclude Include="lib\helper\SigNLP\signlp.hpp">
      <Filter>ヘッダー ファイル\helper\SigNLP</Filter>
    </ClInclude>
    <ClInclude Include="lib\model\lda_cvb.h">
      <Filter>ヘッダー ファイル\lda</Filter>
    </ClInclude>
    <ClInclude Include="lib\model\lda_gibbs.h">
      <Filter>ヘッダー ファイル\lda</Filter>
    </ClInclude>
    <ClInclude Include="lib\model\lda_interface.hpp">
      <Filter>ヘッダー ファイル\lda</Filter>
    </ClInclude>
    <ClInclude Include="lib\model\mrlda.h">
      <Filter>ヘッダー ファイル\lda</Filter>
    </ClInclude>
    <ClInclude Include="lib\model\twitter_lda.h">
      <Filter>ヘッダー ファイル\lda</Filter>
    </ClInclude>
    <ClInclude Include="lib\helper\SigNLP\mecab_wrapper.hpp">
      <Filter>ヘッダー ファイル\helper\SigNLP</Filter>
    </ClInclude>
    <ClInclude Include="lib\helper\SigNLP\polar_evaluation.hpp">
      <Filter>ヘッダー ファイル\helper\SigNLP</Filter>
    </ClInclude>
    <ClInclude Include="lib\model\lda_common_module.hpp">
      <Filter>ヘッダー ファイル\lda</Filter>
    </ClInclude>
    <ClInclude Include="lib\helper\SigNLP\polar_spin.hpp">
      <Filter>ヘッダー ファイル\helper\SigNLP</Filter>
    </ClInclude>
  </ItemGroup>
</Project>