<?xml version="1.0" encoding="utf-8"?>
<Project ToolsVersion="4.0" xmlns="http://schemas.microsoft.com/developer/msbuild/2003">
  <ItemGroup>
    <ClCompile Include="..\..\SigTM\main.cpp">
      <Filter>source</Filter>
    </ClCompile>
    <ClCompile Include="..\..\SigTM\example\make_input.hpp">
      <Filter>header\test</Filter>
    </ClCompile>
    <ClCompile Include="..\..\SigTM\example\example_lda_cvb.cpp">
      <Filter>source\test</Filter>
    </ClCompile>
    <ClCompile Include="..\..\SigTM\example\example_lda_gibbs.cpp">
      <Filter>source\test</Filter>
    </ClCompile>
    <ClCompile Include="..\..\SigTM\example\example_lda_mapreduce.cpp">
      <Filter>source\test</Filter>
    </ClCompile>
    <ClCompile Include="..\..\SigTM\example\example_lda_twitter.cpp">
      <Filter>source\test</Filter>
    </ClCompile>
    <ClCompile Include="..\..\SigTM\lib\model\lda_cvb.cpp">
      <Filter>source\model</Filter>
    </ClCompile>
    <ClCompile Include="..\..\SigTM\lib\model\lda_gibbs.cpp">
      <Filter>source\model</Filter>
    </ClCompile>
    <ClCompile Include="..\..\SigTM\lib\model\mrlda.cpp">
      <Filter>source\model</Filter>
    </ClCompile>
    <ClCompile Include="..\..\SigTM\lib\model\twitter_lda.cpp">
      <Filter>source\model</Filter>
    </ClCompile>
    <ClCompile Include="..\..\SigTM\lib\util\mapreduce_module.cpp">
      <Filter>source\util</Filter>
    </ClCompile>
  </ItemGroup>
  <ItemGroup>
    <ClInclude Include="..\..\SigTM\lib\sigtm.hpp">
      <Filter>header</Filter>
    </ClInclude>
    <ClInclude Include="..\..\SigTM\lib\util\compare.hpp">
      <Filter>header\util</Filter>
    </ClInclude>
    <ClInclude Include="..\..\SigTM\lib\util\compare_method.hpp">
      <Filter>header\util</Filter>
    </ClInclude>
    <ClInclude Include="..\..\SigTM\lib\data\data_format.hpp">
      <Filter>header\data</Filter>
    </ClInclude>
    <ClInclude Include="..\..\SigTM\lib\data\document_loader.hpp">
      <Filter>header\data</Filter>
    </ClInclude>
    <ClInclude Include="..\..\SigTM\lib\data\document_loader_english.hpp">
      <Filter>header\data</Filter>
    </ClInclude>
    <ClInclude Include="..\..\SigTM\lib\data\document_loader_japanese.hpp">
      <Filter>header\data</Filter>
    </ClInclude>
    <ClInclude Include="..\..\SigTM\lib\data\document_set.hpp">
      <Filter>header\data</Filter>
    </ClInclude>
    <ClInclude Include="..\..\SigTM\lib\util\eigen_ublas_util.hpp">
      <Filter>header\util</Filter>
    </ClInclude>
    <ClInclude Include="..\..\SigTM\lib\model\lda_cvb.h">
      <Filter>header\model</Filter>
    </ClInclude>
    <ClInclude Include="..\..\SigTM\lib\model\lda_gibbs.h">
      <Filter>header\model</Filter>
    </ClInclude>
    <ClInclude Include="..\..\SigTM\lib\model\common\lda_interface.hpp">
      <Filter>header\model</Filter>
    </ClInclude>
    <ClInclude Include="..\..\SigTM\lib\model\common\lda_module.hpp">
      <Filter>header\model</Filter>
    </ClInclude>
    <ClInclude Include="..\..\SigTM\lib\util\mapreduce_module.h">
      <Filter>header\util</Filter>
    </ClInclude>
    <ClInclude Include="..\..\SigTM\lib\model\mrlda.h">
      <Filter>header\model</Filter>
    </ClInclude>
    <ClInclude Include="..\..\SigTM\lib\model\twitter_lda.h">
      <Filter>header\model</Filter>
    </ClInclude>
    <ClInclude Include="..\..\SigTM\lib\util\SigNLP\signlp.hpp">
      <Filter>header\util\signlp</Filter>
    </ClInclude>
    <ClInclude Include="..\..\SigTM\lib\util\SigNLP\tree_tagger_wrapper.hpp">
      <Filter>header\util\signlp</Filter>
    </ClInclude>
    <ClInclude Include="..\..\SigTM\lib\util\SigNLP\polar_spin.hpp">
      <Filter>header\util\signlp</Filter>
    </ClInclude>
    <ClInclude Include="..\..\SigTM\lib\util\SigNLP\polar_evaluation.hpp">
      <Filter>header\util\signlp</Filter>
    </ClInclude>
    <ClInclude Include="..\..\SigTM\lib\util\SigNLP\mecab_wrapper.hpp">
      <Filter>header\util\signlp</Filter>
    </ClInclude>
    <ClInclude Include="..\..\SigTM\example\example.h">
      <Filter>header\test</Filter>
    </ClInclude>
  </ItemGroup>
  <ItemGroup>
    <Filter Include="header">
      <UniqueIdentifier>{122e23c1-3341-4051-a5ea-451fb3c29d19}</UniqueIdentifier>
    </Filter>
    <Filter Include="source">
      <UniqueIdentifier>{3881c33f-f4f0-4026-a968-1502e0098e0b}</UniqueIdentifier>
    </Filter>
    <Filter Include="header\model">
      <UniqueIdentifier>{17569480-f79a-4af6-aa83-adc56aeb772a}</UniqueIdentifier>
    </Filter>
    <Filter Include="header\util">
      <UniqueIdentifier>{5ff12e74-fb1a-4eb0-942c-1bdf2d5cea28}</UniqueIdentifier>
    </Filter>
    <Filter Include="header\data">
      <UniqueIdentifier>{bb67173c-b996-4b95-be31-93100d5e6683}</UniqueIdentifier>
    </Filter>
    <Filter Include="header\util\signlp">
      <UniqueIdentifier>{03d6382d-5777-4da5-8e56-99728853bb69}</UniqueIdentifier>
    </Filter>
    <Filter Include="header\test">
      <UniqueIdentifier>{54b752ae-7b63-43c8-9ac0-4cd1e195ebae}</UniqueIdentifier>
    </Filter>
    <Filter Include="source\model">
      <UniqueIdentifier>{51a19355-03ff-484c-9f57-e607a5009cc7}</UniqueIdentifier>
    </Filter>
    <Filter Include="source\test">
      <UniqueIdentifier>{2d8672e4-91d2-44c4-9c92-18805c07da3d}</UniqueIdentifier>
    </Filter>
    <Filter Include="source\util">
      <UniqueIdentifier>{873f13f1-0d44-40a8-974c-92089b774455}</UniqueIdentifier>
    </Filter>
  </ItemGroup>
</Project>